
Microsoft Visual Studio Solution File, Format Version 12.00
# Visual Studio Version 17
VisualStudioVersion = 17.11.35222.181
MinimumVisualStudioVersion = 10.0.40219.1
Project("{FAE04EC0-301F-11D3-BF4B-00C04F79EFBC}") = "Topic 2 assignment", "Topic 2 assignment\Topic 2 assignment.csproj", "{BFCFF8E5-BC77-49C4-A1CD-22BA6E9F22E8}"
EndProject
Global
	GlobalSection(SolutionConfigurationPlatforms) = preSolution
		Debug|Any CPU = Debug|Any CPU
		Release|Any CPU = Release|Any CPU
	EndGlobalSection
	GlobalSection(ProjectConfigurationPlatforms) = postSolution
		{BFCFF8E5-BC77-49C4-A1CD-22BA6E9F22E8}.Debug|Any CPU.ActiveCfg = Debug|Any CPU
		{BFCFF8E5-BC77-49C4-A1CD-22BA6E9F22E8}.Debug|Any CPU.Build.0 = Debug|Any CPU
		{BFCFF8E5-BC77-49C4-A1CD-22BA6E9F22E8}.Release|Any CPU.ActiveCfg = Release|Any CPU
		{BFCFF8E5-BC77-49C4-A1CD-22BA6E9F22E8}.Release|Any CPU.Build.0 = Release|Any CPU
	EndGlobalSection
	GlobalSection(SolutionProperties) = preSolution
		HideSolutionNode = FALSE
	EndGlobalSection
	GlobalSection(ExtensibilityGlobals) = postSolution
		SolutionGuid = {C83BB9D5-69BC-407B-B153-7B27602AA8D6}
	EndGlobalSection
EndGlobal
